
Microsoft Visual Studio Solution File, Format Version 12.00
Project("{FAE04EC0-301F-11D3-BF4B-00C04F79EFBC}") = "SNS.Producer.API", "SNS.Producer.API\SNS.Producer.API.csproj", "{ADF9D6E8-3933-40EE-B6FE-D32F05633DD6}"
EndProject
Project("{FAE04EC0-301F-11D3-BF4B-00C04F79EFBC}") = "SNS.Infrastructure", "SNS.Infrastructure\SNS.Infrastructure.csproj", "{FF56F49F-4C75-4E28-B24D-F08EF30A00E0}"
EndProject
Project("{FAE04EC0-301F-11D3-BF4B-00C04F79EFBC}") = "SQS.Consumer.Worker", "SQS.Consumer.Worker\SQS.Consumer.Worker.csproj", "{47D6F3AA-A1B7-4537-A680-760F54A46E2A}"
EndProject
Project("{FAE04EC0-301F-11D3-BF4B-00C04F79EFBC}") = "SQS.Infrastructure", "SQS.Infrastructure\SQS.Infrastructure.csproj", "{78F03153-8E12-4F41-894B-07BAFA47D8D7}"
EndProject
Global
	GlobalSection(SolutionConfigurationPlatforms) = preSolution
		Debug|Any CPU = Debug|Any CPU
		Release|Any CPU = Release|Any CPU
	EndGlobalSection
	GlobalSection(ProjectConfigurationPlatforms) = postSolution
		{ADF9D6E8-3933-40EE-B6FE-D32F05633DD6}.Debug|Any CPU.ActiveCfg = Debug|Any CPU
		{ADF9D6E8-3933-40EE-B6FE-D32F05633DD6}.Debug|Any CPU.Build.0 = Debug|Any CPU
		{ADF9D6E8-3933-40EE-B6FE-D32F05633DD6}.Release|Any CPU.ActiveCfg = Release|Any CPU
		{ADF9D6E8-3933-40EE-B6FE-D32F05633DD6}.Release|Any CPU.Build.0 = Release|Any CPU
		{FF56F49F-4C75-4E28-B24D-F08EF30A00E0}.Debug|Any CPU.ActiveCfg = Debug|Any CPU
		{FF56F49F-4C75-4E28-B24D-F08EF30A00E0}.Debug|Any CPU.Build.0 = Debug|Any CPU
		{FF56F49F-4C75-4E28-B24D-F08EF30A00E0}.Release|Any CPU.ActiveCfg = Release|Any CPU
		{FF56F49F-4C75-4E28-B24D-F08EF30A00E0}.Release|Any CPU.Build.0 = Release|Any CPU
		{47D6F3AA-A1B7-4537-A680-760F54A46E2A}.Debug|Any CPU.ActiveCfg = Debug|Any CPU
		{47D6F3AA-A1B7-4537-A680-760F54A46E2A}.Debug|Any CPU.Build.0 = Debug|Any CPU
		{47D6F3AA-A1B7-4537-A680-760F54A46E2A}.Release|Any CPU.ActiveCfg = Release|Any CPU
		{47D6F3AA-A1B7-4537-A680-760F54A46E2A}.Release|Any CPU.Build.0 = Release|Any CPU
		{78F03153-8E12-4F41-894B-07BAFA47D8D7}.Debug|Any CPU.ActiveCfg = Debug|Any CPU
		{78F03153-8E12-4F41-894B-07BAFA47D8D7}.Debug|Any CPU.Build.0 = Debug|Any CPU
		{78F03153-8E12-4F41-894B-07BAFA47D8D7}.Release|Any CPU.ActiveCfg = Release|Any CPU
		{78F03153-8E12-4F41-894B-07BAFA47D8D7}.Release|Any CPU.Build.0 = Release|Any CPU
	EndGlobalSection
EndGlobal
